
Microsoft Visual Studio Solution File, Format Version 12.00
Project("{2150E333-8FDC-42A3-9474-1A3956D46DE8}") = "Shared", "Shared", "{64C47CE6-DAEA-4E87-87D7-828D74B2829D}"
EndProject
Project("{2150E333-8FDC-42A3-9474-1A3956D46DE8}") = "Common", "Common", "{E3D54F66-7409-442F-BB2B-6249F87CC502}"
EndProject
Project("{FAE04EC0-301F-11D3-BF4B-00C04F79EFBC}") = "Extensions", "Common\Extensions\Extensions.csproj", "{B9FA98D2-007B-4F88-A231-72AF33C52FF5}"
EndProject
Project("{FAE04EC0-301F-11D3-BF4B-00C04F79EFBC}") = "Protocol", "..\shared\Protocol\Protocol.csproj", "{32132DA6-C4D5-4093-86D0-A128270931C0}"
EndProject
Project("{2150E333-8FDC-42A3-9474-1A3956D46DE8}") = "Infrastructure", "Infrastructure", "{C9B5586B-606D-4204-BF7E-42E7FAE6BCA7}"
EndProject
Project("{FAE04EC0-301F-11D3-BF4B-00C04F79EFBC}") = "Reactive", "Common\Reactive\Reactive.csproj", "{39464856-948A-46D7-B565-97FE3897CB0F}"
EndProject
Project("{2150E333-8FDC-42A3-9474-1A3956D46DE8}") = "Aspire", "Aspire", "{67382B67-982F-45C0-9D42-BA7F40BD583E}"
EndProject
Project("{FAE04EC0-301F-11D3-BF4B-00C04F79EFBC}") = "AppHost", "Aspire\AppHost\AppHost.csproj", "{5D59477D-0CAE-4771-BDC5-0DA036DF4D23}"
EndProject
Project("{FAE04EC0-301F-11D3-BF4B-00C04F79EFBC}") = "ServiceDefaults", "Aspire\ServiceDefaults\ServiceDefaults.csproj", "{08484719-1722-482E-8E42-869A66E4C388}"
EndProject
Project("{FAE04EC0-301F-11D3-BF4B-00C04F79EFBC}") = "Startup", "Aspire\Startup\Startup.csproj", "{80E4D12B-427B-417E-BD0B-6F1F2F4F1647}"
EndProject
Project("{2150E333-8FDC-42A3-9474-1A3956D46DE8}") = "Messaging", "Messaging", "{453E556C-4A32-411B-8C3B-E045C0AC0A65}"
EndProject
Project("{FAE04EC0-301F-11D3-BF4B-00C04F79EFBC}") = "Grains", "Infrastructure\Messaging\Grains\Grains.csproj", "{DA2E6F60-9AAA-46D0-8BF3-3DE9776F1187}"
EndProject
Project("{FAE04EC0-301F-11D3-BF4B-00C04F79EFBC}") = "Interfaces", "Infrastructure\Messaging\Interfaces\Interfaces.csproj", "{53628471-32F7-4E83-B388-FB1C1C02ED13}"
EndProject
Project("{2150E333-8FDC-42A3-9474-1A3956D46DE8}") = "Discovery", "Discovery", "{8787644D-871C-44E6-AAC3-598C6E9649CE}"
EndProject
Project("{FAE04EC0-301F-11D3-BF4B-00C04F79EFBC}") = "Environment", "Infrastructure\Discovery\Environment\Environment.csproj", "{576390B2-F861-49EB-8B1D-4EA65A1B926D}"
EndProject
Project("{FAE04EC0-301F-11D3-BF4B-00C04F79EFBC}") = "Servers", "Infrastructure\Discovery\Servers\Servers.csproj", "{CB181589-C35E-4F7E-B628-AFADE4DE2B39}"
EndProject
Project("{2150E333-8FDC-42A3-9474-1A3956D46DE8}") = "Backend", "Backend", "{E2B161C6-2525-491D-8E13-D7EA5D36D241}"
EndProject
Project("{2150E333-8FDC-42A3-9474-1A3956D46DE8}") = "Gateway", "Gateway", "{1C70D454-9BD4-48CA-A052-93D993912A28}"
EndProject
Project("{2150E333-8FDC-42A3-9474-1A3956D46DE8}") = "Users", "Users", "{548418B5-4B65-494E-A0F8-8EB42E06D071}"
EndProject
Project("{2150E333-8FDC-42A3-9474-1A3956D46DE8}") = "Projections", "Projections", "{EBDBDDAA-582E-485C-ADC6-E0DAEB7E53A1}"
EndProject
Project("{FAE04EC0-301F-11D3-BF4B-00C04F79EFBC}") = "Grains", "Backend\Users\Projections\Grains\Grains.csproj", "{E79D2381-5E69-425A-99D1-5A7ACFE5E44B}"
EndProject
Project("{FAE04EC0-301F-11D3-BF4B-00C04F79EFBC}") = "Interfaces", "Backend\Users\Projections\Interfaces\Interfaces.csproj", "{31FADAC8-2129-4677-ADBF-469A27F72104}"
EndProject
Project("{FAE04EC0-301F-11D3-BF4B-00C04F79EFBC}") = "BackendGateway", "Backend\Gateway\BackendGateway\BackendGateway.csproj", "{F5CA359E-29BF-4421-B1F9-63DB68802899}"
EndProject
Project("{FAE04EC0-301F-11D3-BF4B-00C04F79EFBC}") = "Identity", "Backend\Gateway\Identity\Identity.csproj", "{E342EFF7-D919-458F-9CD2-E8925F2E0130}"
EndProject
Project("{2150E333-8FDC-42A3-9474-1A3956D46DE8}") = "Orleans", "Orleans", "{940D9E39-F631-49B4-837A-B8CC27986052}"
EndProject
Project("{FAE04EC0-301F-11D3-BF4B-00C04F79EFBC}") = "Extensions", "Infrastructure\Orleans\Extensions\Extensions.csproj", "{2AE7EAB6-B30A-4C81-AB72-29BF18C7DE28}"
EndProject
Project("{FAE04EC0-301F-11D3-BF4B-00C04F79EFBC}") = "Silo", "Infrastructure\Orleans\Silo\Silo.csproj", "{6C5A5612-C666-45D1-8020-E01B8F6A7392}"
EndProject
Project("{2150E333-8FDC-42A3-9474-1A3956D46DE8}") = "Matches", "Matches", "{830CFDB4-1A99-419D-81D4-B393111715EC}"
EndProject
Project("{2150E333-8FDC-42A3-9474-1A3956D46DE8}") = "Game", "Game", "{47B6BE17-09EE-42EB-9503-6BE88CDF7C5A}"
EndProject
Project("{2150E333-8FDC-42A3-9474-1A3956D46DE8}") = "Gateway", "Gateway", "{54B16033-D8A3-4678-97BE-3D1425F8A153}"
EndProject
Project("{FAE04EC0-301F-11D3-BF4B-00C04F79EFBC}") = "GameGateway", "Game\Gateway\GameGateway\GameGateway.csproj", "{66B4FD49-0B5D-421F-8661-D4A91BE5FE48}"
EndProject
Project("{FAE04EC0-301F-11D3-BF4B-00C04F79EFBC}") = "Middleware", "Game\Gateway\Middleware\Middleware.csproj", "{9EE4D7B7-70B8-4BB2-B64C-7A30BF07B253}"
EndProject
Project("{FAE04EC0-301F-11D3-BF4B-00C04F79EFBC}") = "Global", "Game\Global\Global.csproj", "{29EAB90A-4FB8-4679-9C24-E3AF44220FC8}"
EndProject
Project("{FAE04EC0-301F-11D3-BF4B-00C04F79EFBC}") = "Session", "Game\Session\Session.csproj", "{FD91D8A8-EEB9-4A60-AF68-CAC47A54B0AA}"
EndProject
Project("{FAE04EC0-301F-11D3-BF4B-00C04F79EFBC}") = "UserFlow", "Backend\Gateway\UserFlow\UserFlow.csproj", "{2D00A37C-B511-45BD-B9A2-44B06A54C68E}"
EndProject
Project("{2150E333-8FDC-42A3-9474-1A3956D46DE8}") = "Entities", "Entities", "{810473FE-E537-4150-96DF-224661988BA1}"
EndProject
Project("{FAE04EC0-301F-11D3-BF4B-00C04F79EFBC}") = "Grains", "Backend\Users\Entities\Grains\Grains.csproj", "{C8944788-2FD9-4DFB-B1B3-6C561EEA1390}"
EndProject
Project("{FAE04EC0-301F-11D3-BF4B-00C04F79EFBC}") = "Interfaces", "Backend\Users\Entities\Interfaces\Interfaces.csproj", "{8FE7E168-9982-42A3-9AE5-91AE32BFBE18}"
EndProject
Project("{FAE04EC0-301F-11D3-BF4B-00C04F79EFBC}") = "Services", "Backend\Users\Entities\Services\Services.csproj", "{110507DE-4C99-4A70-9CA1-ED9254D54D0A}"
EndProject
Project("{2150E333-8FDC-42A3-9474-1A3956D46DE8}") = "Progression", "Progression", "{056A2B9F-D473-4827-BE24-618F01B8167E}"
EndProject
Project("{2150E333-8FDC-42A3-9474-1A3956D46DE8}") = "Matches", "Matches", "{E19C2DE0-14BD-43D2-87DD-DD0D2067D895}"
EndProject
Project("{FAE04EC0-301F-11D3-BF4B-00C04F79EFBC}") = "Grains", "Backend\Users\Matches\Grains\Grains.csproj", "{B8DA4DBD-90FF-45ED-BDCE-582663AA12B1}"
EndProject
Project("{FAE04EC0-301F-11D3-BF4B-00C04F79EFBC}") = "Interfaces", "Backend\Users\Matches\Interfaces\Interfaces.csproj", "{309D86FB-3B5B-4160-ABBB-4A11767CE1FA}"
EndProject
Project("{FAE04EC0-301F-11D3-BF4B-00C04F79EFBC}") = "Grains", "Backend\Users\Progression\Grains\Grains.csproj", "{765E7D1D-6634-43F3-8D5B-DC96207B5CDE}"
EndProject
Project("{FAE04EC0-301F-11D3-BF4B-00C04F79EFBC}") = "Interfaces", "Backend\Users\Progression\Interfaces\Interfaces.csproj", "{B27885AF-2DEC-4DFA-A35B-72642DEF26B6}"
EndProject
Project("{2150E333-8FDC-42A3-9474-1A3956D46DE8}") = "Common", "Common", "{89E102B7-A3DE-4EAE-AECB-7A9FE2075488}"
EndProject
Project("{FAE04EC0-301F-11D3-BF4B-00C04F79EFBC}") = "Extensions", "Backend\Users\Common\Extensions\Extensions.csproj", "{BB28FF8C-4825-4C85-8359-5D2E82F4A855}"
EndProject
Project("{2150E333-8FDC-42A3-9474-1A3956D46DE8}") = "Entities", "Entities", "{95E611EC-17F5-46EE-82E8-37D08F824996}"
EndProject
Project("{FAE04EC0-301F-11D3-BF4B-00C04F79EFBC}") = "Grains", "Backend\Matches\Entities\Grains\Grains.csproj", "{0DC426D3-7FEA-4333-9821-576CB68305D2}"
EndProject
Project("{FAE04EC0-301F-11D3-BF4B-00C04F79EFBC}") = "Interfaces", "Backend\Matches\Entities\Interfaces\Interfaces.csproj", "{0B524577-B01F-4E6D-8D92-499487C2014B}"
EndProject
Project("{FAE04EC0-301F-11D3-BF4B-00C04F79EFBC}") = "Services", "Backend\Matches\Entities\Services\Services.csproj", "{188F642F-C35C-4F2E-ABDF-AFA71D5B8461}"
EndProject
Project("{2150E333-8FDC-42A3-9474-1A3956D46DE8}") = "Search", "Search", "{D242441E-4DB7-40F8-9807-5879193641D1}"
EndProject
Project("{FAE04EC0-301F-11D3-BF4B-00C04F79EFBC}") = "Interfaces", "Backend\Matches\Search\Interfaces\Interfaces.csproj", "{060E9DEA-0F3A-4583-B085-7F6095EF0238}"
EndProject
Project("{FAE04EC0-301F-11D3-BF4B-00C04F79EFBC}") = "Services", "Backend\Matches\Search\Services\Services.csproj", "{F0CBB4E7-A16C-49B6-B3A6-8A30BFD8B9FC}"
EndProject
Project("{2150E333-8FDC-42A3-9474-1A3956D46DE8}") = "Decks", "Decks", "{06E71C8C-EE38-4BED-B51D-E668E5AFD8FB}"
EndProject
Project("{FAE04EC0-301F-11D3-BF4B-00C04F79EFBC}") = "Interfaces", "Backend\Users\Decks\Interfaces\Interfaces.csproj", "{F85EBFDA-7175-40DD-9EAC-027F1D8BF65A}"
EndProject
Project("{FAE04EC0-301F-11D3-BF4B-00C04F79EFBC}") = "Grains", "Backend\Users\Decks\Grains\Grains.csproj", "{2576BC2B-C608-455F-AC9F-6FB3E5F3D871}"
EndProject
Project("{2150E333-8FDC-42A3-9474-1A3956D46DE8}") = "Management", "Management", "{D3EAC2A9-54DA-4C57-A9C4-5F1B6F48FD9F}"
EndProject
Project("{2150E333-8FDC-42A3-9474-1A3956D46DE8}") = "Web", "Web", "{B7161299-0991-462B-898B-217A8F2D9684}"
EndProject
Project("{FAE04EC0-301F-11D3-BF4B-00C04F79EFBC}") = "Console", "Management\Web\Console\Console.csproj", "{011B167A-BC31-4BA3-9DF6-E029C7DCA7DA}"
EndProject
Project("{2150E333-8FDC-42A3-9474-1A3956D46DE8}") = "Configs", "Configs", "{6E677269-C603-4C69-8117-5FE4C20E08A3}"
EndProject
Project("{FAE04EC0-301F-11D3-BF4B-00C04F79EFBC}") = "Common", "Management\Web\Common\Common.csproj", "{9CA382E0-F41D-48C1-8E56-15E7AE7DAA0E}"
EndProject
Project("{FAE04EC0-301F-11D3-BF4B-00C04F79EFBC}") = "Main", "Management\Web\Main\Main.csproj", "{91F49691-7985-43ED-9DFF-6F1ECD42D681}"
EndProject
Project("{FAE04EC0-301F-11D3-BF4B-00C04F79EFBC}") = "Interfaces", "Management\Configs\Interfaces\Interfaces.csproj", "{0CA4091D-8157-46DE-95D5-AE02EED70932}"
EndProject
Project("{FAE04EC0-301F-11D3-BF4B-00C04F79EFBC}") = "Grains", "Management\Configs\Grains\Grains.csproj", "{2DF395D1-5C36-4736-A2A2-8D748FD593FA}"
EndProject
Project("{FAE04EC0-301F-11D3-BF4B-00C04F79EFBC}") = "Provider", "Management\Configs\Provider\Provider.csproj", "{FB3505EC-7D32-4D7A-B1A6-6F446649F94B}"
EndProject
Project("{2150E333-8FDC-42A3-9474-1A3956D46DE8}") = "Loop", "Loop", "{F736176C-33FA-46EA-81C4-B6EA23DCF45F}"
EndProject
Project("{FAE04EC0-301F-11D3-BF4B-00C04F79EFBC}") = "ServiceLoop", "Infrastructure\Loop\ServiceLoop\ServiceLoop.csproj", "{3BD317B7-829C-49A2-A52D-80395D85EA1B}"
EndProject
Project("{FAE04EC0-301F-11D3-BF4B-00C04F79EFBC}") = "Connections", "Common\Connections\Connections.csproj", "{2D30EBF1-ACC0-433A-B2F3-E80E00FC2100}"
EndProject
Project("{FAE04EC0-301F-11D3-BF4B-00C04F79EFBC}") = "Commands", "Backend\Users\Common\Commands\Commands.csproj", "{F7013967-79AF-4008-AA74-9D4C144A7FCE}"
EndProject
Project("{2150E333-8FDC-42A3-9474-1A3956D46DE8}") = "GamePlay", "GamePlay", "{10CBA433-BE96-49B4-BF48-7940C2E2CF2C}"
EndProject
Project("{FAE04EC0-301F-11D3-BF4B-00C04F79EFBC}") = "Board", "Game\GamePlay\Board\Board.csproj", "{7DEFE46E-97A3-4EA5-898C-BF467E19A887}"
EndProject
Project("{FAE04EC0-301F-11D3-BF4B-00C04F79EFBC}") = "Cards", "Game\GamePlay\Cards\Cards.csproj", "{9F000E4A-F923-4375-B529-22D3E0254721}"
EndProject
Project("{FAE04EC0-301F-11D3-BF4B-00C04F79EFBC}") = "Commands", "Game\GamePlay\Commands\Commands.csproj", "{5E017339-1297-4033-B700-1AF8FAF58223}"
EndProject
Project("{FAE04EC0-301F-11D3-BF4B-00C04F79EFBC}") = "Players", "Game\GamePlay\Players\Players.csproj", "{10605440-31F2-44A9-9D36-DB1414A0632D}"
EndProject
Project("{FAE04EC0-301F-11D3-BF4B-00C04F79EFBC}") = "Session", "..\shared\Session\Session.csproj", "{93316D6E-9217-423D-88B7-E2522E3FEC05}"
EndProject
Project("{FAE04EC0-301F-11D3-BF4B-00C04F79EFBC}") = "Game", "..\shared\Game\Game.csproj", "{E39FF24A-0D4F-4D78-B862-3043A16BD2BC}"
EndProject
Project("{FAE04EC0-301F-11D3-BF4B-00C04F79EFBC}") = "Backend", "..\shared\Backend\Backend.csproj", "{5E4FE541-3BD5-472B-BF9A-222B88D0B277}"
EndProject
Project("{FAE04EC0-301F-11D3-BF4B-00C04F79EFBC}") = "Domain", "..\shared\Domain\Domain.csproj", "{54494AA1-DE2A-44D7-923C-136C84A47A2B}"
EndProject
Global
	GlobalSection(SolutionConfigurationPlatforms) = preSolution
		Debug|Any CPU = Debug|Any CPU
		Release|Any CPU = Release|Any CPU
	EndGlobalSection
	GlobalSection(NestedProjects) = preSolution
		{B9FA98D2-007B-4F88-A231-72AF33C52FF5} = {E3D54F66-7409-442F-BB2B-6249F87CC502}
		{32132DA6-C4D5-4093-86D0-A128270931C0} = {64C47CE6-DAEA-4E87-87D7-828D74B2829D}
		{39464856-948A-46D7-B565-97FE3897CB0F} = {E3D54F66-7409-442F-BB2B-6249F87CC502}
		{5D59477D-0CAE-4771-BDC5-0DA036DF4D23} = {67382B67-982F-45C0-9D42-BA7F40BD583E}
		{08484719-1722-482E-8E42-869A66E4C388} = {67382B67-982F-45C0-9D42-BA7F40BD583E}
		{80E4D12B-427B-417E-BD0B-6F1F2F4F1647} = {67382B67-982F-45C0-9D42-BA7F40BD583E}
		{453E556C-4A32-411B-8C3B-E045C0AC0A65} = {C9B5586B-606D-4204-BF7E-42E7FAE6BCA7}
		{DA2E6F60-9AAA-46D0-8BF3-3DE9776F1187} = {453E556C-4A32-411B-8C3B-E045C0AC0A65}
		{53628471-32F7-4E83-B388-FB1C1C02ED13} = {453E556C-4A32-411B-8C3B-E045C0AC0A65}
		{8787644D-871C-44E6-AAC3-598C6E9649CE} = {C9B5586B-606D-4204-BF7E-42E7FAE6BCA7}
		{576390B2-F861-49EB-8B1D-4EA65A1B926D} = {8787644D-871C-44E6-AAC3-598C6E9649CE}
		{CB181589-C35E-4F7E-B628-AFADE4DE2B39} = {8787644D-871C-44E6-AAC3-598C6E9649CE}
		{1C70D454-9BD4-48CA-A052-93D993912A28} = {E2B161C6-2525-491D-8E13-D7EA5D36D241}
		{548418B5-4B65-494E-A0F8-8EB42E06D071} = {E2B161C6-2525-491D-8E13-D7EA5D36D241}
		{EBDBDDAA-582E-485C-ADC6-E0DAEB7E53A1} = {548418B5-4B65-494E-A0F8-8EB42E06D071}
		{E79D2381-5E69-425A-99D1-5A7ACFE5E44B} = {EBDBDDAA-582E-485C-ADC6-E0DAEB7E53A1}
		{31FADAC8-2129-4677-ADBF-469A27F72104} = {EBDBDDAA-582E-485C-ADC6-E0DAEB7E53A1}
		{F5CA359E-29BF-4421-B1F9-63DB68802899} = {1C70D454-9BD4-48CA-A052-93D993912A28}
		{E342EFF7-D919-458F-9CD2-E8925F2E0130} = {1C70D454-9BD4-48CA-A052-93D993912A28}
		{940D9E39-F631-49B4-837A-B8CC27986052} = {C9B5586B-606D-4204-BF7E-42E7FAE6BCA7}
		{2AE7EAB6-B30A-4C81-AB72-29BF18C7DE28} = {940D9E39-F631-49B4-837A-B8CC27986052}
		{6C5A5612-C666-45D1-8020-E01B8F6A7392} = {940D9E39-F631-49B4-837A-B8CC27986052}
		{830CFDB4-1A99-419D-81D4-B393111715EC} = {E2B161C6-2525-491D-8E13-D7EA5D36D241}
		{54B16033-D8A3-4678-97BE-3D1425F8A153} = {47B6BE17-09EE-42EB-9503-6BE88CDF7C5A}
		{66B4FD49-0B5D-421F-8661-D4A91BE5FE48} = {54B16033-D8A3-4678-97BE-3D1425F8A153}
		{9EE4D7B7-70B8-4BB2-B64C-7A30BF07B253} = {54B16033-D8A3-4678-97BE-3D1425F8A153}
		{29EAB90A-4FB8-4679-9C24-E3AF44220FC8} = {47B6BE17-09EE-42EB-9503-6BE88CDF7C5A}
		{FD91D8A8-EEB9-4A60-AF68-CAC47A54B0AA} = {47B6BE17-09EE-42EB-9503-6BE88CDF7C5A}
		{2D00A37C-B511-45BD-B9A2-44B06A54C68E} = {1C70D454-9BD4-48CA-A052-93D993912A28}
		{810473FE-E537-4150-96DF-224661988BA1} = {548418B5-4B65-494E-A0F8-8EB42E06D071}
		{C8944788-2FD9-4DFB-B1B3-6C561EEA1390} = {810473FE-E537-4150-96DF-224661988BA1}
		{8FE7E168-9982-42A3-9AE5-91AE32BFBE18} = {810473FE-E537-4150-96DF-224661988BA1}
		{110507DE-4C99-4A70-9CA1-ED9254D54D0A} = {810473FE-E537-4150-96DF-224661988BA1}
		{056A2B9F-D473-4827-BE24-618F01B8167E} = {548418B5-4B65-494E-A0F8-8EB42E06D071}
		{E19C2DE0-14BD-43D2-87DD-DD0D2067D895} = {548418B5-4B65-494E-A0F8-8EB42E06D071}
		{B8DA4DBD-90FF-45ED-BDCE-582663AA12B1} = {E19C2DE0-14BD-43D2-87DD-DD0D2067D895}
		{309D86FB-3B5B-4160-ABBB-4A11767CE1FA} = {E19C2DE0-14BD-43D2-87DD-DD0D2067D895}
		{765E7D1D-6634-43F3-8D5B-DC96207B5CDE} = {056A2B9F-D473-4827-BE24-618F01B8167E}
		{B27885AF-2DEC-4DFA-A35B-72642DEF26B6} = {056A2B9F-D473-4827-BE24-618F01B8167E}
		{89E102B7-A3DE-4EAE-AECB-7A9FE2075488} = {548418B5-4B65-494E-A0F8-8EB42E06D071}
		{BB28FF8C-4825-4C85-8359-5D2E82F4A855} = {89E102B7-A3DE-4EAE-AECB-7A9FE2075488}
		{95E611EC-17F5-46EE-82E8-37D08F824996} = {830CFDB4-1A99-419D-81D4-B393111715EC}
		{0DC426D3-7FEA-4333-9821-576CB68305D2} = {95E611EC-17F5-46EE-82E8-37D08F824996}
		{0B524577-B01F-4E6D-8D92-499487C2014B} = {95E611EC-17F5-46EE-82E8-37D08F824996}
		{188F642F-C35C-4F2E-ABDF-AFA71D5B8461} = {95E611EC-17F5-46EE-82E8-37D08F824996}
		{D242441E-4DB7-40F8-9807-5879193641D1} = {830CFDB4-1A99-419D-81D4-B393111715EC}
		{060E9DEA-0F3A-4583-B085-7F6095EF0238} = {D242441E-4DB7-40F8-9807-5879193641D1}
		{F0CBB4E7-A16C-49B6-B3A6-8A30BFD8B9FC} = {D242441E-4DB7-40F8-9807-5879193641D1}
		{06E71C8C-EE38-4BED-B51D-E668E5AFD8FB} = {548418B5-4B65-494E-A0F8-8EB42E06D071}
		{F85EBFDA-7175-40DD-9EAC-027F1D8BF65A} = {06E71C8C-EE38-4BED-B51D-E668E5AFD8FB}
		{2576BC2B-C608-455F-AC9F-6FB3E5F3D871} = {06E71C8C-EE38-4BED-B51D-E668E5AFD8FB}
		{B7161299-0991-462B-898B-217A8F2D9684} = {D3EAC2A9-54DA-4C57-A9C4-5F1B6F48FD9F}
		{011B167A-BC31-4BA3-9DF6-E029C7DCA7DA} = {B7161299-0991-462B-898B-217A8F2D9684}
		{6E677269-C603-4C69-8117-5FE4C20E08A3} = {D3EAC2A9-54DA-4C57-A9C4-5F1B6F48FD9F}
		{9CA382E0-F41D-48C1-8E56-15E7AE7DAA0E} = {B7161299-0991-462B-898B-217A8F2D9684}
		{91F49691-7985-43ED-9DFF-6F1ECD42D681} = {B7161299-0991-462B-898B-217A8F2D9684}
		{0CA4091D-8157-46DE-95D5-AE02EED70932} = {6E677269-C603-4C69-8117-5FE4C20E08A3}
		{2DF395D1-5C36-4736-A2A2-8D748FD593FA} = {6E677269-C603-4C69-8117-5FE4C20E08A3}
		{FB3505EC-7D32-4D7A-B1A6-6F446649F94B} = {6E677269-C603-4C69-8117-5FE4C20E08A3}
		{F736176C-33FA-46EA-81C4-B6EA23DCF45F} = {C9B5586B-606D-4204-BF7E-42E7FAE6BCA7}
		{3BD317B7-829C-49A2-A52D-80395D85EA1B} = {F736176C-33FA-46EA-81C4-B6EA23DCF45F}
		{2D30EBF1-ACC0-433A-B2F3-E80E00FC2100} = {E3D54F66-7409-442F-BB2B-6249F87CC502}
		{F7013967-79AF-4008-AA74-9D4C144A7FCE} = {89E102B7-A3DE-4EAE-AECB-7A9FE2075488}
		{10CBA433-BE96-49B4-BF48-7940C2E2CF2C} = {47B6BE17-09EE-42EB-9503-6BE88CDF7C5A}
		{7DEFE46E-97A3-4EA5-898C-BF467E19A887} = {10CBA433-BE96-49B4-BF48-7940C2E2CF2C}
		{9F000E4A-F923-4375-B529-22D3E0254721} = {10CBA433-BE96-49B4-BF48-7940C2E2CF2C}
		{5E017339-1297-4033-B700-1AF8FAF58223} = {10CBA433-BE96-49B4-BF48-7940C2E2CF2C}
		{10605440-31F2-44A9-9D36-DB1414A0632D} = {10CBA433-BE96-49B4-BF48-7940C2E2CF2C}
		{93316D6E-9217-423D-88B7-E2522E3FEC05} = {64C47CE6-DAEA-4E87-87D7-828D74B2829D}
		{E39FF24A-0D4F-4D78-B862-3043A16BD2BC} = {64C47CE6-DAEA-4E87-87D7-828D74B2829D}
		{5E4FE541-3BD5-472B-BF9A-222B88D0B277} = {64C47CE6-DAEA-4E87-87D7-828D74B2829D}
		{54494AA1-DE2A-44D7-923C-136C84A47A2B} = {64C47CE6-DAEA-4E87-87D7-828D74B2829D}
	EndGlobalSection
	GlobalSection(ProjectConfigurationPlatforms) = postSolution
		{B9FA98D2-007B-4F88-A231-72AF33C52FF5}.Debug|Any CPU.ActiveCfg = Debug|Any CPU
		{B9FA98D2-007B-4F88-A231-72AF33C52FF5}.Debug|Any CPU.Build.0 = Debug|Any CPU
		{B9FA98D2-007B-4F88-A231-72AF33C52FF5}.Release|Any CPU.ActiveCfg = Release|Any CPU
		{B9FA98D2-007B-4F88-A231-72AF33C52FF5}.Release|Any CPU.Build.0 = Release|Any CPU
		{32132DA6-C4D5-4093-86D0-A128270931C0}.Debug|Any CPU.ActiveCfg = Debug|Any CPU
		{32132DA6-C4D5-4093-86D0-A128270931C0}.Debug|Any CPU.Build.0 = Debug|Any CPU
		{32132DA6-C4D5-4093-86D0-A128270931C0}.Release|Any CPU.ActiveCfg = Release|Any CPU
		{32132DA6-C4D5-4093-86D0-A128270931C0}.Release|Any CPU.Build.0 = Release|Any CPU
		{39464856-948A-46D7-B565-97FE3897CB0F}.Debug|Any CPU.ActiveCfg = Debug|Any CPU
		{39464856-948A-46D7-B565-97FE3897CB0F}.Debug|Any CPU.Build.0 = Debug|Any CPU
		{39464856-948A-46D7-B565-97FE3897CB0F}.Release|Any CPU.ActiveCfg = Release|Any CPU
		{39464856-948A-46D7-B565-97FE3897CB0F}.Release|Any CPU.Build.0 = Release|Any CPU
		{5D59477D-0CAE-4771-BDC5-0DA036DF4D23}.Debug|Any CPU.ActiveCfg = Debug|Any CPU
		{5D59477D-0CAE-4771-BDC5-0DA036DF4D23}.Debug|Any CPU.Build.0 = Debug|Any CPU
		{5D59477D-0CAE-4771-BDC5-0DA036DF4D23}.Release|Any CPU.ActiveCfg = Release|Any CPU
		{5D59477D-0CAE-4771-BDC5-0DA036DF4D23}.Release|Any CPU.Build.0 = Release|Any CPU
		{08484719-1722-482E-8E42-869A66E4C388}.Debug|Any CPU.ActiveCfg = Debug|Any CPU
		{08484719-1722-482E-8E42-869A66E4C388}.Debug|Any CPU.Build.0 = Debug|Any CPU
		{08484719-1722-482E-8E42-869A66E4C388}.Release|Any CPU.ActiveCfg = Release|Any CPU
		{08484719-1722-482E-8E42-869A66E4C388}.Release|Any CPU.Build.0 = Release|Any CPU
		{80E4D12B-427B-417E-BD0B-6F1F2F4F1647}.Debug|Any CPU.ActiveCfg = Debug|Any CPU
		{80E4D12B-427B-417E-BD0B-6F1F2F4F1647}.Debug|Any CPU.Build.0 = Debug|Any CPU
		{80E4D12B-427B-417E-BD0B-6F1F2F4F1647}.Release|Any CPU.ActiveCfg = Release|Any CPU
		{80E4D12B-427B-417E-BD0B-6F1F2F4F1647}.Release|Any CPU.Build.0 = Release|Any CPU
		{DA2E6F60-9AAA-46D0-8BF3-3DE9776F1187}.Debug|Any CPU.ActiveCfg = Debug|Any CPU
		{DA2E6F60-9AAA-46D0-8BF3-3DE9776F1187}.Debug|Any CPU.Build.0 = Debug|Any CPU
		{DA2E6F60-9AAA-46D0-8BF3-3DE9776F1187}.Release|Any CPU.ActiveCfg = Release|Any CPU
		{DA2E6F60-9AAA-46D0-8BF3-3DE9776F1187}.Release|Any CPU.Build.0 = Release|Any CPU
		{53628471-32F7-4E83-B388-FB1C1C02ED13}.Debug|Any CPU.ActiveCfg = Debug|Any CPU
		{53628471-32F7-4E83-B388-FB1C1C02ED13}.Debug|Any CPU.Build.0 = Debug|Any CPU
		{53628471-32F7-4E83-B388-FB1C1C02ED13}.Release|Any CPU.ActiveCfg = Release|Any CPU
		{53628471-32F7-4E83-B388-FB1C1C02ED13}.Release|Any CPU.Build.0 = Release|Any CPU
		{576390B2-F861-49EB-8B1D-4EA65A1B926D}.Debug|Any CPU.ActiveCfg = Debug|Any CPU
		{576390B2-F861-49EB-8B1D-4EA65A1B926D}.Debug|Any CPU.Build.0 = Debug|Any CPU
		{576390B2-F861-49EB-8B1D-4EA65A1B926D}.Release|Any CPU.ActiveCfg = Release|Any CPU
		{576390B2-F861-49EB-8B1D-4EA65A1B926D}.Release|Any CPU.Build.0 = Release|Any CPU
		{CB181589-C35E-4F7E-B628-AFADE4DE2B39}.Debug|Any CPU.ActiveCfg = Debug|Any CPU
		{CB181589-C35E-4F7E-B628-AFADE4DE2B39}.Debug|Any CPU.Build.0 = Debug|Any CPU
		{CB181589-C35E-4F7E-B628-AFADE4DE2B39}.Release|Any CPU.ActiveCfg = Release|Any CPU
		{CB181589-C35E-4F7E-B628-AFADE4DE2B39}.Release|Any CPU.Build.0 = Release|Any CPU
		{E79D2381-5E69-425A-99D1-5A7ACFE5E44B}.Debug|Any CPU.ActiveCfg = Debug|Any CPU
		{E79D2381-5E69-425A-99D1-5A7ACFE5E44B}.Debug|Any CPU.Build.0 = Debug|Any CPU
		{E79D2381-5E69-425A-99D1-5A7ACFE5E44B}.Release|Any CPU.ActiveCfg = Release|Any CPU
		{E79D2381-5E69-425A-99D1-5A7ACFE5E44B}.Release|Any CPU.Build.0 = Release|Any CPU
		{31FADAC8-2129-4677-ADBF-469A27F72104}.Debug|Any CPU.ActiveCfg = Debug|Any CPU
		{31FADAC8-2129-4677-ADBF-469A27F72104}.Debug|Any CPU.Build.0 = Debug|Any CPU
		{31FADAC8-2129-4677-ADBF-469A27F72104}.Release|Any CPU.ActiveCfg = Release|Any CPU
		{31FADAC8-2129-4677-ADBF-469A27F72104}.Release|Any CPU.Build.0 = Release|Any CPU
		{F5CA359E-29BF-4421-B1F9-63DB68802899}.Debug|Any CPU.ActiveCfg = Debug|Any CPU
		{F5CA359E-29BF-4421-B1F9-63DB68802899}.Debug|Any CPU.Build.0 = Debug|Any CPU
		{F5CA359E-29BF-4421-B1F9-63DB68802899}.Release|Any CPU.ActiveCfg = Release|Any CPU
		{F5CA359E-29BF-4421-B1F9-63DB68802899}.Release|Any CPU.Build.0 = Release|Any CPU
		{E342EFF7-D919-458F-9CD2-E8925F2E0130}.Debug|Any CPU.ActiveCfg = Debug|Any CPU
		{E342EFF7-D919-458F-9CD2-E8925F2E0130}.Debug|Any CPU.Build.0 = Debug|Any CPU
		{E342EFF7-D919-458F-9CD2-E8925F2E0130}.Release|Any CPU.ActiveCfg = Release|Any CPU
		{E342EFF7-D919-458F-9CD2-E8925F2E0130}.Release|Any CPU.Build.0 = Release|Any CPU
		{2AE7EAB6-B30A-4C81-AB72-29BF18C7DE28}.Debug|Any CPU.ActiveCfg = Debug|Any CPU
		{2AE7EAB6-B30A-4C81-AB72-29BF18C7DE28}.Debug|Any CPU.Build.0 = Debug|Any CPU
		{2AE7EAB6-B30A-4C81-AB72-29BF18C7DE28}.Release|Any CPU.ActiveCfg = Release|Any CPU
		{2AE7EAB6-B30A-4C81-AB72-29BF18C7DE28}.Release|Any CPU.Build.0 = Release|Any CPU
		{6C5A5612-C666-45D1-8020-E01B8F6A7392}.Debug|Any CPU.ActiveCfg = Debug|Any CPU
		{6C5A5612-C666-45D1-8020-E01B8F6A7392}.Debug|Any CPU.Build.0 = Debug|Any CPU
		{6C5A5612-C666-45D1-8020-E01B8F6A7392}.Release|Any CPU.ActiveCfg = Release|Any CPU
		{6C5A5612-C666-45D1-8020-E01B8F6A7392}.Release|Any CPU.Build.0 = Release|Any CPU
		{66B4FD49-0B5D-421F-8661-D4A91BE5FE48}.Debug|Any CPU.ActiveCfg = Debug|Any CPU
		{66B4FD49-0B5D-421F-8661-D4A91BE5FE48}.Debug|Any CPU.Build.0 = Debug|Any CPU
		{66B4FD49-0B5D-421F-8661-D4A91BE5FE48}.Release|Any CPU.ActiveCfg = Release|Any CPU
		{66B4FD49-0B5D-421F-8661-D4A91BE5FE48}.Release|Any CPU.Build.0 = Release|Any CPU
		{9EE4D7B7-70B8-4BB2-B64C-7A30BF07B253}.Debug|Any CPU.ActiveCfg = Debug|Any CPU
		{9EE4D7B7-70B8-4BB2-B64C-7A30BF07B253}.Debug|Any CPU.Build.0 = Debug|Any CPU
		{9EE4D7B7-70B8-4BB2-B64C-7A30BF07B253}.Release|Any CPU.ActiveCfg = Release|Any CPU
		{9EE4D7B7-70B8-4BB2-B64C-7A30BF07B253}.Release|Any CPU.Build.0 = Release|Any CPU
		{29EAB90A-4FB8-4679-9C24-E3AF44220FC8}.Debug|Any CPU.ActiveCfg = Debug|Any CPU
		{29EAB90A-4FB8-4679-9C24-E3AF44220FC8}.Debug|Any CPU.Build.0 = Debug|Any CPU
		{29EAB90A-4FB8-4679-9C24-E3AF44220FC8}.Release|Any CPU.ActiveCfg = Release|Any CPU
		{29EAB90A-4FB8-4679-9C24-E3AF44220FC8}.Release|Any CPU.Build.0 = Release|Any CPU
		{FD91D8A8-EEB9-4A60-AF68-CAC47A54B0AA}.Debug|Any CPU.ActiveCfg = Debug|Any CPU
		{FD91D8A8-EEB9-4A60-AF68-CAC47A54B0AA}.Debug|Any CPU.Build.0 = Debug|Any CPU
		{FD91D8A8-EEB9-4A60-AF68-CAC47A54B0AA}.Release|Any CPU.ActiveCfg = Release|Any CPU
		{FD91D8A8-EEB9-4A60-AF68-CAC47A54B0AA}.Release|Any CPU.Build.0 = Release|Any CPU
		{2D00A37C-B511-45BD-B9A2-44B06A54C68E}.Debug|Any CPU.ActiveCfg = Debug|Any CPU
		{2D00A37C-B511-45BD-B9A2-44B06A54C68E}.Debug|Any CPU.Build.0 = Debug|Any CPU
		{2D00A37C-B511-45BD-B9A2-44B06A54C68E}.Release|Any CPU.ActiveCfg = Release|Any CPU
		{2D00A37C-B511-45BD-B9A2-44B06A54C68E}.Release|Any CPU.Build.0 = Release|Any CPU
		{C8944788-2FD9-4DFB-B1B3-6C561EEA1390}.Debug|Any CPU.ActiveCfg = Debug|Any CPU
		{C8944788-2FD9-4DFB-B1B3-6C561EEA1390}.Debug|Any CPU.Build.0 = Debug|Any CPU
		{C8944788-2FD9-4DFB-B1B3-6C561EEA1390}.Release|Any CPU.ActiveCfg = Release|Any CPU
		{C8944788-2FD9-4DFB-B1B3-6C561EEA1390}.Release|Any CPU.Build.0 = Release|Any CPU
		{8FE7E168-9982-42A3-9AE5-91AE32BFBE18}.Debug|Any CPU.ActiveCfg = Debug|Any CPU
		{8FE7E168-9982-42A3-9AE5-91AE32BFBE18}.Debug|Any CPU.Build.0 = Debug|Any CPU
		{8FE7E168-9982-42A3-9AE5-91AE32BFBE18}.Release|Any CPU.ActiveCfg = Release|Any CPU
		{8FE7E168-9982-42A3-9AE5-91AE32BFBE18}.Release|Any CPU.Build.0 = Release|Any CPU
		{110507DE-4C99-4A70-9CA1-ED9254D54D0A}.Debug|Any CPU.ActiveCfg = Debug|Any CPU
		{110507DE-4C99-4A70-9CA1-ED9254D54D0A}.Debug|Any CPU.Build.0 = Debug|Any CPU
		{110507DE-4C99-4A70-9CA1-ED9254D54D0A}.Release|Any CPU.ActiveCfg = Release|Any CPU
		{110507DE-4C99-4A70-9CA1-ED9254D54D0A}.Release|Any CPU.Build.0 = Release|Any CPU
		{B8DA4DBD-90FF-45ED-BDCE-582663AA12B1}.Debug|Any CPU.ActiveCfg = Debug|Any CPU
		{B8DA4DBD-90FF-45ED-BDCE-582663AA12B1}.Debug|Any CPU.Build.0 = Debug|Any CPU
		{B8DA4DBD-90FF-45ED-BDCE-582663AA12B1}.Release|Any CPU.ActiveCfg = Release|Any CPU
		{B8DA4DBD-90FF-45ED-BDCE-582663AA12B1}.Release|Any CPU.Build.0 = Release|Any CPU
		{309D86FB-3B5B-4160-ABBB-4A11767CE1FA}.Debug|Any CPU.ActiveCfg = Debug|Any CPU
		{309D86FB-3B5B-4160-ABBB-4A11767CE1FA}.Debug|Any CPU.Build.0 = Debug|Any CPU
		{309D86FB-3B5B-4160-ABBB-4A11767CE1FA}.Release|Any CPU.ActiveCfg = Release|Any CPU
		{309D86FB-3B5B-4160-ABBB-4A11767CE1FA}.Release|Any CPU.Build.0 = Release|Any CPU
		{765E7D1D-6634-43F3-8D5B-DC96207B5CDE}.Debug|Any CPU.ActiveCfg = Debug|Any CPU
		{765E7D1D-6634-43F3-8D5B-DC96207B5CDE}.Debug|Any CPU.Build.0 = Debug|Any CPU
		{765E7D1D-6634-43F3-8D5B-DC96207B5CDE}.Release|Any CPU.ActiveCfg = Release|Any CPU
		{765E7D1D-6634-43F3-8D5B-DC96207B5CDE}.Release|Any CPU.Build.0 = Release|Any CPU
		{B27885AF-2DEC-4DFA-A35B-72642DEF26B6}.Debug|Any CPU.ActiveCfg = Debug|Any CPU
		{B27885AF-2DEC-4DFA-A35B-72642DEF26B6}.Debug|Any CPU.Build.0 = Debug|Any CPU
		{B27885AF-2DEC-4DFA-A35B-72642DEF26B6}.Release|Any CPU.ActiveCfg = Release|Any CPU
		{B27885AF-2DEC-4DFA-A35B-72642DEF26B6}.Release|Any CPU.Build.0 = Release|Any CPU
		{BB28FF8C-4825-4C85-8359-5D2E82F4A855}.Debug|Any CPU.ActiveCfg = Debug|Any CPU
		{BB28FF8C-4825-4C85-8359-5D2E82F4A855}.Debug|Any CPU.Build.0 = Debug|Any CPU
		{BB28FF8C-4825-4C85-8359-5D2E82F4A855}.Release|Any CPU.ActiveCfg = Release|Any CPU
		{BB28FF8C-4825-4C85-8359-5D2E82F4A855}.Release|Any CPU.Build.0 = Release|Any CPU
		{0DC426D3-7FEA-4333-9821-576CB68305D2}.Debug|Any CPU.ActiveCfg = Debug|Any CPU
		{0DC426D3-7FEA-4333-9821-576CB68305D2}.Debug|Any CPU.Build.0 = Debug|Any CPU
		{0DC426D3-7FEA-4333-9821-576CB68305D2}.Release|Any CPU.ActiveCfg = Release|Any CPU
		{0DC426D3-7FEA-4333-9821-576CB68305D2}.Release|Any CPU.Build.0 = Release|Any CPU
		{0B524577-B01F-4E6D-8D92-499487C2014B}.Debug|Any CPU.ActiveCfg = Debug|Any CPU
		{0B524577-B01F-4E6D-8D92-499487C2014B}.Debug|Any CPU.Build.0 = Debug|Any CPU
		{0B524577-B01F-4E6D-8D92-499487C2014B}.Release|Any CPU.ActiveCfg = Release|Any CPU
		{0B524577-B01F-4E6D-8D92-499487C2014B}.Release|Any CPU.Build.0 = Release|Any CPU
		{188F642F-C35C-4F2E-ABDF-AFA71D5B8461}.Debug|Any CPU.ActiveCfg = Debug|Any CPU
		{188F642F-C35C-4F2E-ABDF-AFA71D5B8461}.Debug|Any CPU.Build.0 = Debug|Any CPU
		{188F642F-C35C-4F2E-ABDF-AFA71D5B8461}.Release|Any CPU.ActiveCfg = Release|Any CPU
		{188F642F-C35C-4F2E-ABDF-AFA71D5B8461}.Release|Any CPU.Build.0 = Release|Any CPU
		{060E9DEA-0F3A-4583-B085-7F6095EF0238}.Debug|Any CPU.ActiveCfg = Debug|Any CPU
		{060E9DEA-0F3A-4583-B085-7F6095EF0238}.Debug|Any CPU.Build.0 = Debug|Any CPU
		{060E9DEA-0F3A-4583-B085-7F6095EF0238}.Release|Any CPU.ActiveCfg = Release|Any CPU
		{060E9DEA-0F3A-4583-B085-7F6095EF0238}.Release|Any CPU.Build.0 = Release|Any CPU
		{F0CBB4E7-A16C-49B6-B3A6-8A30BFD8B9FC}.Debug|Any CPU.ActiveCfg = Debug|Any CPU
		{F0CBB4E7-A16C-49B6-B3A6-8A30BFD8B9FC}.Debug|Any CPU.Build.0 = Debug|Any CPU
		{F0CBB4E7-A16C-49B6-B3A6-8A30BFD8B9FC}.Release|Any CPU.ActiveCfg = Release|Any CPU
		{F0CBB4E7-A16C-49B6-B3A6-8A30BFD8B9FC}.Release|Any CPU.Build.0 = Release|Any CPU
		{F85EBFDA-7175-40DD-9EAC-027F1D8BF65A}.Debug|Any CPU.ActiveCfg = Debug|Any CPU
		{F85EBFDA-7175-40DD-9EAC-027F1D8BF65A}.Debug|Any CPU.Build.0 = Debug|Any CPU
		{F85EBFDA-7175-40DD-9EAC-027F1D8BF65A}.Release|Any CPU.ActiveCfg = Release|Any CPU
		{F85EBFDA-7175-40DD-9EAC-027F1D8BF65A}.Release|Any CPU.Build.0 = Release|Any CPU
		{2576BC2B-C608-455F-AC9F-6FB3E5F3D871}.Debug|Any CPU.ActiveCfg = Debug|Any CPU
		{2576BC2B-C608-455F-AC9F-6FB3E5F3D871}.Debug|Any CPU.Build.0 = Debug|Any CPU
		{2576BC2B-C608-455F-AC9F-6FB3E5F3D871}.Release|Any CPU.ActiveCfg = Release|Any CPU
		{2576BC2B-C608-455F-AC9F-6FB3E5F3D871}.Release|Any CPU.Build.0 = Release|Any CPU
		{011B167A-BC31-4BA3-9DF6-E029C7DCA7DA}.Debug|Any CPU.ActiveCfg = Debug|Any CPU
		{011B167A-BC31-4BA3-9DF6-E029C7DCA7DA}.Debug|Any CPU.Build.0 = Debug|Any CPU
		{011B167A-BC31-4BA3-9DF6-E029C7DCA7DA}.Release|Any CPU.ActiveCfg = Release|Any CPU
		{011B167A-BC31-4BA3-9DF6-E029C7DCA7DA}.Release|Any CPU.Build.0 = Release|Any CPU
		{9CA382E0-F41D-48C1-8E56-15E7AE7DAA0E}.Debug|Any CPU.ActiveCfg = Debug|Any CPU
		{9CA382E0-F41D-48C1-8E56-15E7AE7DAA0E}.Debug|Any CPU.Build.0 = Debug|Any CPU
		{9CA382E0-F41D-48C1-8E56-15E7AE7DAA0E}.Release|Any CPU.ActiveCfg = Release|Any CPU
		{9CA382E0-F41D-48C1-8E56-15E7AE7DAA0E}.Release|Any CPU.Build.0 = Release|Any CPU
		{91F49691-7985-43ED-9DFF-6F1ECD42D681}.Debug|Any CPU.ActiveCfg = Debug|Any CPU
		{91F49691-7985-43ED-9DFF-6F1ECD42D681}.Debug|Any CPU.Build.0 = Debug|Any CPU
		{91F49691-7985-43ED-9DFF-6F1ECD42D681}.Release|Any CPU.ActiveCfg = Release|Any CPU
		{91F49691-7985-43ED-9DFF-6F1ECD42D681}.Release|Any CPU.Build.0 = Release|Any CPU
		{0CA4091D-8157-46DE-95D5-AE02EED70932}.Debug|Any CPU.ActiveCfg = Debug|Any CPU
		{0CA4091D-8157-46DE-95D5-AE02EED70932}.Debug|Any CPU.Build.0 = Debug|Any CPU
		{0CA4091D-8157-46DE-95D5-AE02EED70932}.Release|Any CPU.ActiveCfg = Release|Any CPU
		{0CA4091D-8157-46DE-95D5-AE02EED70932}.Release|Any CPU.Build.0 = Release|Any CPU
		{2DF395D1-5C36-4736-A2A2-8D748FD593FA}.Debug|Any CPU.ActiveCfg = Debug|Any CPU
		{2DF395D1-5C36-4736-A2A2-8D748FD593FA}.Debug|Any CPU.Build.0 = Debug|Any CPU
		{2DF395D1-5C36-4736-A2A2-8D748FD593FA}.Release|Any CPU.ActiveCfg = Release|Any CPU
		{2DF395D1-5C36-4736-A2A2-8D748FD593FA}.Release|Any CPU.Build.0 = Release|Any CPU
		{FB3505EC-7D32-4D7A-B1A6-6F446649F94B}.Debug|Any CPU.ActiveCfg = Debug|Any CPU
		{FB3505EC-7D32-4D7A-B1A6-6F446649F94B}.Debug|Any CPU.Build.0 = Debug|Any CPU
		{FB3505EC-7D32-4D7A-B1A6-6F446649F94B}.Release|Any CPU.ActiveCfg = Release|Any CPU
		{FB3505EC-7D32-4D7A-B1A6-6F446649F94B}.Release|Any CPU.Build.0 = Release|Any CPU
		{3BD317B7-829C-49A2-A52D-80395D85EA1B}.Debug|Any CPU.ActiveCfg = Debug|Any CPU
		{3BD317B7-829C-49A2-A52D-80395D85EA1B}.Debug|Any CPU.Build.0 = Debug|Any CPU
		{3BD317B7-829C-49A2-A52D-80395D85EA1B}.Release|Any CPU.ActiveCfg = Release|Any CPU
		{3BD317B7-829C-49A2-A52D-80395D85EA1B}.Release|Any CPU.Build.0 = Release|Any CPU
		{2D30EBF1-ACC0-433A-B2F3-E80E00FC2100}.Debug|Any CPU.ActiveCfg = Debug|Any CPU
		{2D30EBF1-ACC0-433A-B2F3-E80E00FC2100}.Debug|Any CPU.Build.0 = Debug|Any CPU
		{2D30EBF1-ACC0-433A-B2F3-E80E00FC2100}.Release|Any CPU.ActiveCfg = Release|Any CPU
		{2D30EBF1-ACC0-433A-B2F3-E80E00FC2100}.Release|Any CPU.Build.0 = Release|Any CPU
		{F7013967-79AF-4008-AA74-9D4C144A7FCE}.Debug|Any CPU.ActiveCfg = Debug|Any CPU
		{F7013967-79AF-4008-AA74-9D4C144A7FCE}.Debug|Any CPU.Build.0 = Debug|Any CPU
		{F7013967-79AF-4008-AA74-9D4C144A7FCE}.Release|Any CPU.ActiveCfg = Release|Any CPU
		{F7013967-79AF-4008-AA74-9D4C144A7FCE}.Release|Any CPU.Build.0 = Release|Any CPU
		{7DEFE46E-97A3-4EA5-898C-BF467E19A887}.Debug|Any CPU.ActiveCfg = Debug|Any CPU
		{7DEFE46E-97A3-4EA5-898C-BF467E19A887}.Debug|Any CPU.Build.0 = Debug|Any CPU
		{7DEFE46E-97A3-4EA5-898C-BF467E19A887}.Release|Any CPU.ActiveCfg = Release|Any CPU
		{7DEFE46E-97A3-4EA5-898C-BF467E19A887}.Release|Any CPU.Build.0 = Release|Any CPU
		{9F000E4A-F923-4375-B529-22D3E0254721}.Debug|Any CPU.ActiveCfg = Debug|Any CPU
		{9F000E4A-F923-4375-B529-22D3E0254721}.Debug|Any CPU.Build.0 = Debug|Any CPU
		{9F000E4A-F923-4375-B529-22D3E0254721}.Release|Any CPU.ActiveCfg = Release|Any CPU
		{9F000E4A-F923-4375-B529-22D3E0254721}.Release|Any CPU.Build.0 = Release|Any CPU
		{5E017339-1297-4033-B700-1AF8FAF58223}.Debug|Any CPU.ActiveCfg = Debug|Any CPU
		{5E017339-1297-4033-B700-1AF8FAF58223}.Debug|Any CPU.Build.0 = Debug|Any CPU
		{5E017339-1297-4033-B700-1AF8FAF58223}.Release|Any CPU.ActiveCfg = Release|Any CPU
		{5E017339-1297-4033-B700-1AF8FAF58223}.Release|Any CPU.Build.0 = Release|Any CPU
		{10605440-31F2-44A9-9D36-DB1414A0632D}.Debug|Any CPU.ActiveCfg = Debug|Any CPU
		{10605440-31F2-44A9-9D36-DB1414A0632D}.Debug|Any CPU.Build.0 = Debug|Any CPU
		{10605440-31F2-44A9-9D36-DB1414A0632D}.Release|Any CPU.ActiveCfg = Release|Any CPU
		{10605440-31F2-44A9-9D36-DB1414A0632D}.Release|Any CPU.Build.0 = Release|Any CPU
		{93316D6E-9217-423D-88B7-E2522E3FEC05}.Debug|Any CPU.ActiveCfg = Debug|Any CPU
		{93316D6E-9217-423D-88B7-E2522E3FEC05}.Debug|Any CPU.Build.0 = Debug|Any CPU
		{93316D6E-9217-423D-88B7-E2522E3FEC05}.Release|Any CPU.ActiveCfg = Release|Any CPU
		{93316D6E-9217-423D-88B7-E2522E3FEC05}.Release|Any CPU.Build.0 = Release|Any CPU
		{E39FF24A-0D4F-4D78-B862-3043A16BD2BC}.Debug|Any CPU.ActiveCfg = Debug|Any CPU
		{E39FF24A-0D4F-4D78-B862-3043A16BD2BC}.Debug|Any CPU.Build.0 = Debug|Any CPU
		{E39FF24A-0D4F-4D78-B862-3043A16BD2BC}.Release|Any CPU.ActiveCfg = Release|Any CPU
		{E39FF24A-0D4F-4D78-B862-3043A16BD2BC}.Release|Any CPU.Build.0 = Release|Any CPU
		{5E4FE541-3BD5-472B-BF9A-222B88D0B277}.Debug|Any CPU.ActiveCfg = Debug|Any CPU
		{5E4FE541-3BD5-472B-BF9A-222B88D0B277}.Debug|Any CPU.Build.0 = Debug|Any CPU
		{5E4FE541-3BD5-472B-BF9A-222B88D0B277}.Release|Any CPU.ActiveCfg = Release|Any CPU
		{5E4FE541-3BD5-472B-BF9A-222B88D0B277}.Release|Any CPU.Build.0 = Release|Any CPU
		{54494AA1-DE2A-44D7-923C-136C84A47A2B}.Debug|Any CPU.ActiveCfg = Debug|Any CPU
		{54494AA1-DE2A-44D7-923C-136C84A47A2B}.Debug|Any CPU.Build.0 = Debug|Any CPU
		{54494AA1-DE2A-44D7-923C-136C84A47A2B}.Release|Any CPU.ActiveCfg = Release|Any CPU
		{54494AA1-DE2A-44D7-923C-136C84A47A2B}.Release|Any CPU.Build.0 = Release|Any CPU
	EndGlobalSection
EndGlobal
